
Microsoft Visual Studio Solution File, Format Version 12.00
# Visual Studio 15
VisualStudioVersion = 15.0.26124.0
MinimumVisualStudioVersion = 15.0.26124.0
Project("{FAE04EC0-301F-11D3-BF4B-00C04F79EFBC}") = "RealtimeTimer", "web\RealtimeTimer.csproj", "{EDC05D53-31F6-45A4-BEE0-C35340E1DE8B}"
EndProject
Project("{FAE04EC0-301F-11D3-BF4B-00C04F79EFBC}") = "ConsoleClient", "console\ConsoleClient.csproj", "{CA0BBA19-5B46-4E88-97CF-527E3CA13CC6}"
EndProject
Project("{FAE04EC0-301F-11D3-BF4B-00C04F79EFBC}") = "RealtimeTimer.Mobile.iOS", "RealtimeTimer.Mobile\RealtimeTimer.Mobile.iOS\RealtimeTimer.Mobile.iOS.csproj", "{8E215F80-91D8-428F-94D2-5DD1AC8A8E4E}"
EndProject
Project("{FAE04EC0-301F-11D3-BF4B-00C04F79EFBC}") = "RealtimeTimer.Mobile", "RealtimeTimer.Mobile\RealtimeTimer.Mobile\RealtimeTimer.Mobile.csproj", "{9B9B095F-B64A-4E22-AAA9-7E2895E40115}"
EndProject
Global
	GlobalSection(SolutionConfigurationPlatforms) = preSolution
		Debug|Any CPU = Debug|Any CPU
		Debug|x64 = Debug|x64
		Debug|x86 = Debug|x86
		Release|Any CPU = Release|Any CPU
		Release|x64 = Release|x64
		Release|x86 = Release|x86
		Debug|iPhoneSimulator = Debug|iPhoneSimulator
		Release|iPhone = Release|iPhone
		Release|iPhoneSimulator = Release|iPhoneSimulator
		Debug|iPhone = Debug|iPhone
		Ad-Hoc|iPhone = Ad-Hoc|iPhone
		AppStore|iPhone = AppStore|iPhone
	EndGlobalSection
	GlobalSection(SolutionProperties) = preSolution
		HideSolutionNode = FALSE
	EndGlobalSection
	GlobalSection(ProjectConfigurationPlatforms) = postSolution
		{EDC05D53-31F6-45A4-BEE0-C35340E1DE8B}.Debug|Any CPU.ActiveCfg = Debug|Any CPU
		{EDC05D53-31F6-45A4-BEE0-C35340E1DE8B}.Debug|Any CPU.Build.0 = Debug|Any CPU
		{EDC05D53-31F6-45A4-BEE0-C35340E1DE8B}.Debug|x64.ActiveCfg = Debug|Any CPU
		{EDC05D53-31F6-45A4-BEE0-C35340E1DE8B}.Debug|x64.Build.0 = Debug|Any CPU
		{EDC05D53-31F6-45A4-BEE0-C35340E1DE8B}.Debug|x86.ActiveCfg = Debug|Any CPU
		{EDC05D53-31F6-45A4-BEE0-C35340E1DE8B}.Debug|x86.Build.0 = Debug|Any CPU
		{EDC05D53-31F6-45A4-BEE0-C35340E1DE8B}.Release|Any CPU.ActiveCfg = Release|Any CPU
		{EDC05D53-31F6-45A4-BEE0-C35340E1DE8B}.Release|Any CPU.Build.0 = Release|Any CPU
		{EDC05D53-31F6-45A4-BEE0-C35340E1DE8B}.Release|x64.ActiveCfg = Release|Any CPU
		{EDC05D53-31F6-45A4-BEE0-C35340E1DE8B}.Release|x64.Build.0 = Release|Any CPU
		{EDC05D53-31F6-45A4-BEE0-C35340E1DE8B}.Release|x86.ActiveCfg = Release|Any CPU
		{EDC05D53-31F6-45A4-BEE0-C35340E1DE8B}.Release|x86.Build.0 = Release|Any CPU
		{EDC05D53-31F6-45A4-BEE0-C35340E1DE8B}.Debug|iPhoneSimulator.ActiveCfg = Debug|Any CPU
		{EDC05D53-31F6-45A4-BEE0-C35340E1DE8B}.Debug|iPhoneSimulator.Build.0 = Debug|Any CPU
		{EDC05D53-31F6-45A4-BEE0-C35340E1DE8B}.Release|iPhone.ActiveCfg = Release|Any CPU
		{EDC05D53-31F6-45A4-BEE0-C35340E1DE8B}.Release|iPhone.Build.0 = Release|Any CPU
		{EDC05D53-31F6-45A4-BEE0-C35340E1DE8B}.Release|iPhoneSimulator.ActiveCfg = Release|Any CPU
		{EDC05D53-31F6-45A4-BEE0-C35340E1DE8B}.Release|iPhoneSimulator.Build.0 = Release|Any CPU
		{EDC05D53-31F6-45A4-BEE0-C35340E1DE8B}.Debug|iPhone.ActiveCfg = Debug|Any CPU
		{EDC05D53-31F6-45A4-BEE0-C35340E1DE8B}.Debug|iPhone.Build.0 = Debug|Any CPU
		{EDC05D53-31F6-45A4-BEE0-C35340E1DE8B}.Ad-Hoc|iPhone.ActiveCfg = Debug|Any CPU
		{EDC05D53-31F6-45A4-BEE0-C35340E1DE8B}.Ad-Hoc|iPhone.Build.0 = Debug|Any CPU
		{EDC05D53-31F6-45A4-BEE0-C35340E1DE8B}.AppStore|iPhone.ActiveCfg = Debug|Any CPU
		{EDC05D53-31F6-45A4-BEE0-C35340E1DE8B}.AppStore|iPhone.Build.0 = Debug|Any CPU
		{CA0BBA19-5B46-4E88-97CF-527E3CA13CC6}.Debug|Any CPU.ActiveCfg = Debug|Any CPU
		{CA0BBA19-5B46-4E88-97CF-527E3CA13CC6}.Debug|Any CPU.Build.0 = Debug|Any CPU
		{CA0BBA19-5B46-4E88-97CF-527E3CA13CC6}.Debug|x64.ActiveCfg = Debug|Any CPU
		{CA0BBA19-5B46-4E88-97CF-527E3CA13CC6}.Debug|x64.Build.0 = Debug|Any CPU
		{CA0BBA19-5B46-4E88-97CF-527E3CA13CC6}.Debug|x86.ActiveCfg = Debug|Any CPU
		{CA0BBA19-5B46-4E88-97CF-527E3CA13CC6}.Debug|x86.Build.0 = Debug|Any CPU
		{CA0BBA19-5B46-4E88-97CF-527E3CA13CC6}.Release|Any CPU.ActiveCfg = Release|Any CPU
		{CA0BBA19-5B46-4E88-97CF-527E3CA13CC6}.Release|Any CPU.Build.0 = Release|Any CPU
		{CA0BBA19-5B46-4E88-97CF-527E3CA13CC6}.Release|x64.ActiveCfg = Release|Any CPU
		{CA0BBA19-5B46-4E88-97CF-527E3CA13CC6}.Release|x64.Build.0 = Release|Any CPU
		{CA0BBA19-5B46-4E88-97CF-527E3CA13CC6}.Release|x86.ActiveCfg = Release|Any CPU
		{CA0BBA19-5B46-4E88-97CF-527E3CA13CC6}.Release|x86.Build.0 = Release|Any CPU
		{CA0BBA19-5B46-4E88-97CF-527E3CA13CC6}.Debug|iPhoneSimulator.ActiveCfg = Debug|Any CPU
		{CA0BBA19-5B46-4E88-97CF-527E3CA13CC6}.Debug|iPhoneSimulator.Build.0 = Debug|Any CPU
		{CA0BBA19-5B46-4E88-97CF-527E3CA13CC6}.Release|iPhone.ActiveCfg = Release|Any CPU
		{CA0BBA19-5B46-4E88-97CF-527E3CA13CC6}.Release|iPhone.Build.0 = Release|Any CPU
		{CA0BBA19-5B46-4E88-97CF-527E3CA13CC6}.Release|iPhoneSimulator.ActiveCfg = Release|Any CPU
		{CA0BBA19-5B46-4E88-97CF-527E3CA13CC6}.Release|iPhoneSimulator.Build.0 = Release|Any CPU
		{CA0BBA19-5B46-4E88-97CF-527E3CA13CC6}.Debug|iPhone.ActiveCfg = Debug|Any CPU
		{CA0BBA19-5B46-4E88-97CF-527E3CA13CC6}.Debug|iPhone.Build.0 = Debug|Any CPU
		{CA0BBA19-5B46-4E88-97CF-527E3CA13CC6}.Ad-Hoc|iPhone.ActiveCfg = Debug|Any CPU
		{CA0BBA19-5B46-4E88-97CF-527E3CA13CC6}.Ad-Hoc|iPhone.Build.0 = Debug|Any CPU
		{CA0BBA19-5B46-4E88-97CF-527E3CA13CC6}.AppStore|iPhone.ActiveCfg = Debug|Any CPU
		{CA0BBA19-5B46-4E88-97CF-527E3CA13CC6}.AppStore|iPhone.Build.0 = Debug|Any CPU
		{8E215F80-91D8-428F-94D2-5DD1AC8A8E4E}.Debug|Any CPU.ActiveCfg = Debug|iPhoneSimulator
		{8E215F80-91D8-428F-94D2-5DD1AC8A8E4E}.Debug|Any CPU.Build.0 = Debug|iPhoneSimulator
		{8E215F80-91D8-428F-94D2-5DD1AC8A8E4E}.Debug|x64.ActiveCfg = Debug|iPhoneSimulator
		{8E215F80-91D8-428F-94D2-5DD1AC8A8E4E}.Debug|x64.Build.0 = Debug|iPhoneSimulator
		{8E215F80-91D8-428F-94D2-5DD1AC8A8E4E}.Debug|x86.ActiveCfg = Debug|iPhoneSimulator
		{8E215F80-91D8-428F-94D2-5DD1AC8A8E4E}.Debug|x86.Build.0 = Debug|iPhoneSimulator
		{8E215F80-91D8-428F-94D2-5DD1AC8A8E4E}.Release|Any CPU.ActiveCfg = Release|iPhoneSimulator
		{8E215F80-91D8-428F-94D2-5DD1AC8A8E4E}.Release|Any CPU.Build.0 = Release|iPhoneSimulator
		{8E215F80-91D8-428F-94D2-5DD1AC8A8E4E}.Release|x64.ActiveCfg = Release|iPhoneSimulator
		{8E215F80-91D8-428F-94D2-5DD1AC8A8E4E}.Release|x64.Build.0 = Release|iPhoneSimulator
		{8E215F80-91D8-428F-94D2-5DD1AC8A8E4E}.Release|x86.ActiveCfg = Release|iPhoneSimulator
		{8E215F80-91D8-428F-94D2-5DD1AC8A8E4E}.Release|x86.Build.0 = Release|iPhoneSimulator
		{8E215F80-91D8-428F-94D2-5DD1AC8A8E4E}.Debug|iPhoneSimulator.ActiveCfg = Debug|iPhoneSimulator
		{8E215F80-91D8-428F-94D2-5DD1AC8A8E4E}.Debug|iPhoneSimulator.Build.0 = Debug|iPhoneSimulator
		{8E215F80-91D8-428F-94D2-5DD1AC8A8E4E}.Release|iPhone.ActiveCfg = Release|iPhone
		{8E215F80-91D8-428F-94D2-5DD1AC8A8E4E}.Release|iPhone.Build.0 = Release|iPhone
		{8E215F80-91D8-428F-94D2-5DD1AC8A8E4E}.Release|iPhoneSimulator.ActiveCfg = Release|iPhoneSimulator
		{8E215F80-91D8-428F-94D2-5DD1AC8A8E4E}.Release|iPhoneSimulator.Build.0 = Release|iPhoneSimulator
		{8E215F80-91D8-428F-94D2-5DD1AC8A8E4E}.Debug|iPhone.ActiveCfg = Debug|iPhone
		{8E215F80-91D8-428F-94D2-5DD1AC8A8E4E}.Debug|iPhone.Build.0 = Debug|iPhone
		{8E215F80-91D8-428F-94D2-5DD1AC8A8E4E}.Ad-Hoc|iPhone.ActiveCfg = Ad-Hoc|iPhone
		{8E215F80-91D8-428F-94D2-5DD1AC8A8E4E}.Ad-Hoc|iPhone.Build.0 = Ad-Hoc|iPhone
		{8E215F80-91D8-428F-94D2-5DD1AC8A8E4E}.AppStore|iPhone.ActiveCfg = AppStore|iPhone
		{8E215F80-91D8-428F-94D2-5DD1AC8A8E4E}.AppStore|iPhone.Build.0 = AppStore|iPhone
		{9B9B095F-B64A-4E22-AAA9-7E2895E40115}.Debug|Any CPU.ActiveCfg = Debug|Any CPU
		{9B9B095F-B64A-4E22-AAA9-7E2895E40115}.Debug|Any CPU.Build.0 = Debug|Any CPU
		{9B9B095F-B64A-4E22-AAA9-7E2895E40115}.Debug|x64.ActiveCfg = Debug|Any CPU
		{9B9B095F-B64A-4E22-AAA9-7E2895E40115}.Debug|x64.Build.0 = Debug|Any CPU
		{9B9B095F-B64A-4E22-AAA9-7E2895E40115}.Debug|x86.ActiveCfg = Debug|Any CPU
		{9B9B095F-B64A-4E22-AAA9-7E2895E40115}.Debug|x86.Build.0 = Debug|Any CPU
		{9B9B095F-B64A-4E22-AAA9-7E2895E40115}.Release|Any CPU.ActiveCfg = Release|Any CPU
		{9B9B095F-B64A-4E22-AAA9-7E2895E40115}.Release|Any CPU.Build.0 = Release|Any CPU
		{9B9B095F-B64A-4E22-AAA9-7E2895E40115}.Release|x64.ActiveCfg = Release|Any CPU
		{9B9B095F-B64A-4E22-AAA9-7E2895E40115}.Release|x64.Build.0 = Release|Any CPU
		{9B9B095F-B64A-4E22-AAA9-7E2895E40115}.Release|x86.ActiveCfg = Release|Any CPU
		{9B9B095F-B64A-4E22-AAA9-7E2895E40115}.Release|x86.Build.0 = Release|Any CPU
		{9B9B095F-B64A-4E22-AAA9-7E2895E40115}.Debug|iPhoneSimulator.ActiveCfg = Debug|Any CPU
		{9B9B095F-B64A-4E22-AAA9-7E2895E40115}.Debug|iPhoneSimulator.Build.0 = Debug|Any CPU
		{9B9B095F-B64A-4E22-AAA9-7E2895E40115}.Release|iPhone.ActiveCfg = Release|Any CPU
		{9B9B095F-B64A-4E22-AAA9-7E2895E40115}.Release|iPhone.Build.0 = Release|Any CPU
		{9B9B095F-B64A-4E22-AAA9-7E2895E40115}.Release|iPhoneSimulator.ActiveCfg = Release|Any CPU
		{9B9B095F-B64A-4E22-AAA9-7E2895E40115}.Release|iPhoneSimulator.Build.0 = Release|Any CPU
		{9B9B095F-B64A-4E22-AAA9-7E2895E40115}.Debug|iPhone.ActiveCfg = Debug|Any CPU
		{9B9B095F-B64A-4E22-AAA9-7E2895E40115}.Debug|iPhone.Build.0 = Debug|Any CPU
		{9B9B095F-B64A-4E22-AAA9-7E2895E40115}.Ad-Hoc|iPhone.ActiveCfg = Debug|Any CPU
		{9B9B095F-B64A-4E22-AAA9-7E2895E40115}.Ad-Hoc|iPhone.Build.0 = Debug|Any CPU
		{9B9B095F-B64A-4E22-AAA9-7E2895E40115}.AppStore|iPhone.ActiveCfg = Debug|Any CPU
		{9B9B095F-B64A-4E22-AAA9-7E2895E40115}.AppStore|iPhone.Build.0 = Debug|Any CPU
	EndGlobalSection
EndGlobal
